
Microsoft Visual Studio Solution File, Format Version 12.00
# Visual Studio Version 16
VisualStudioVersion = 16.0.32126.315
MinimumVisualStudioVersion = 10.0.40219.1
Project("{FAE04EC0-301F-11D3-BF4B-00C04F79EFBC}") = "softServ 1 lesson", "softServ 1 lesson\softServ 1 lesson.csproj", "{93CA049E-60EE-4910-B092-99DDD9683861}"
EndProject
Global
	GlobalSection(SolutionConfigurationPlatforms) = preSolution
		Debug|Any CPU = Debug|Any CPU
		Release|Any CPU = Release|Any CPU
	EndGlobalSection
	GlobalSection(ProjectConfigurationPlatforms) = postSolution
		{93CA049E-60EE-4910-B092-99DDD9683861}.Debug|Any CPU.ActiveCfg = Debug|Any CPU
		{93CA049E-60EE-4910-B092-99DDD9683861}.Debug|Any CPU.Build.0 = Debug|Any CPU
		{93CA049E-60EE-4910-B092-99DDD9683861}.Release|Any CPU.ActiveCfg = Release|Any CPU
		{93CA049E-60EE-4910-B092-99DDD9683861}.Release|Any CPU.Build.0 = Release|Any CPU
	EndGlobalSection
	GlobalSection(SolutionProperties) = preSolution
		HideSolutionNode = FALSE
	EndGlobalSection
	GlobalSection(ExtensibilityGlobals) = postSolution
		SolutionGuid = {18630E43-FE00-4326-920B-4CA9B3A97765}
	EndGlobalSection
EndGlobal
